
Microsoft Visual Studio Solution File, Format Version 12.00
# Visual Studio Version 17
VisualStudioVersion = 17.4.33213.308
MinimumVisualStudioVersion = 10.0.40219.1
Project("{FAE04EC0-301F-11D3-BF4B-00C04F79EFBC}") = "StreetPictoViewPro", "StreetPictoViewPro.csproj", "{9B30F11D-8850-4C94-A412-D6B56F61B173}"
EndProject
Global
	GlobalSection(SolutionConfigurationPlatforms) = preSolution
		Debug|Any CPU = Debug|Any CPU
		Release|Any CPU = Release|Any CPU
	EndGlobalSection
	GlobalSection(ProjectConfigurationPlatforms) = postSolution
		{9B30F11D-8850-4C94-A412-D6B56F61B173}.Debug|Any CPU.ActiveCfg = Debug|Any CPU
		{9B30F11D-8850-4C94-A412-D6B56F61B173}.Debug|Any CPU.Build.0 = Debug|Any CPU
		{9B30F11D-8850-4C94-A412-D6B56F61B173}.Release|Any CPU.ActiveCfg = Release|Any CPU
		{9B30F11D-8850-4C94-A412-D6B56F61B173}.Release|Any CPU.Build.0 = Release|Any CPU
	EndGlobalSection
	GlobalSection(SolutionProperties) = preSolution
		HideSolutionNode = FALSE
	EndGlobalSection
	GlobalSection(ExtensibilityGlobals) = postSolution
		SolutionGuid = {C0FAF54E-40EB-42A8-83BC-72FAEC5E97BC}
	EndGlobalSection
EndGlobal
